
Microsoft Visual Studio Solution File, Format Version 12.00
# Visual Studio Version 16
VisualStudioVersion = 16.0.29728.190
MinimumVisualStudioVersion = 10.0.40219.1
Project("{FAE04EC0-301F-11D3-BF4B-00C04F79EFBC}") = "bartenderProgram", "bartenderProgram\bartenderProgram.csproj", "{4012369B-8919-480C-A98F-3968E0876723}"
EndProject
Global
	GlobalSection(SolutionConfigurationPlatforms) = preSolution
		Debug|Any CPU = Debug|Any CPU
		Release|Any CPU = Release|Any CPU
	EndGlobalSection
	GlobalSection(ProjectConfigurationPlatforms) = postSolution
		{4012369B-8919-480C-A98F-3968E0876723}.Debug|Any CPU.ActiveCfg = Debug|Any CPU
		{4012369B-8919-480C-A98F-3968E0876723}.Debug|Any CPU.Build.0 = Debug|Any CPU
		{4012369B-8919-480C-A98F-3968E0876723}.Release|Any CPU.ActiveCfg = Release|Any CPU
		{4012369B-8919-480C-A98F-3968E0876723}.Release|Any CPU.Build.0 = Release|Any CPU
	EndGlobalSection
	GlobalSection(SolutionProperties) = preSolution
		HideSolutionNode = FALSE
	EndGlobalSection
	GlobalSection(ExtensibilityGlobals) = postSolution
		SolutionGuid = {075F4BBC-1B55-42E4-BFC0-52FD6982C133}
	EndGlobalSection
EndGlobal
